// !$*UTF8*$!
{
	archiveVersion = 1;
	classes = {
	};
	objectVersion = 46;
	objects = {

/* Begin PBXBuildFile section */
		4C5BB61017D13D86003D9E20 /* AVFoundation.framework in Frameworks */ = {isa = PBXBuildFile; fileRef = 4C5BB60F17D13D86003D9E20 /* AVFoundation.framework */; };
		4C5BB61217D13DAC003D9E20 /* AudioToolbox.framework in Frameworks */ = {isa = PBXBuildFile; fileRef = 4C5BB61117D13DAC003D9E20 /* AudioToolbox.framework */; };
		4C5BB61417D13DC8003D9E20 /* CoreMedia.framework in Frameworks */ = {isa = PBXBuildFile; fileRef = 4C5BB61317D13DC8003D9E20 /* CoreMedia.framework */; };
		4CAD3F6B17BD4703008C6D28 /* UIKit.framework in Frameworks */ = {isa = PBXBuildFile; fileRef = 4CAD3F6A17BD4703008C6D28 /* UIKit.framework */; };
		4CAD3F6D17BD4703008C6D28 /* Foundation.framework in Frameworks */ = {isa = PBXBuildFile; fileRef = 4CAD3F6C17BD4703008C6D28 /* Foundation.framework */; };
		4CAD3F6F17BD4703008C6D28 /* CoreGraphics.framework in Frameworks */ = {isa = PBXBuildFile; fileRef = 4CAD3F6E17BD4703008C6D28 /* CoreGraphics.framework */; };
		4CAD3F7517BD4703008C6D28 /* InfoPlist.strings in Resources */ = {isa = PBXBuildFile; fileRef = 4CAD3F7317BD4703008C6D28 /* InfoPlist.strings */; };
		4CAD3F7717BD4703008C6D28 /* main.m in Sources */ = {isa = PBXBuildFile; fileRef = 4CAD3F7617BD4703008C6D28 /* main.m */; };
		4CAD3F7B17BD4703008C6D28 /* GMFAppDelegate.m in Sources */ = {isa = PBXBuildFile; fileRef = 4CAD3F7A17BD4703008C6D28 /* GMFAppDelegate.m */; };
		4CAD3F7D17BD4703008C6D28 /* Default.png in Resources */ = {isa = PBXBuildFile; fileRef = 4CAD3F7C17BD4703008C6D28 /* Default.png */; };
		4CAD3F7F17BD4703008C6D28 /* Default@2x.png in Resources */ = {isa = PBXBuildFile; fileRef = 4CAD3F7E17BD4703008C6D28 /* Default@2x.png */; };
		4CAD3F8117BD4703008C6D28 /* Default-568h@2x.png in Resources */ = {isa = PBXBuildFile; fileRef = 4CAD3F8017BD4703008C6D28 /* Default-568h@2x.png */; };
		4CAD3F9317BD4704008C6D28 /* UIKit.framework in Frameworks */ = {isa = PBXBuildFile; fileRef = 4CAD3F6A17BD4703008C6D28 /* UIKit.framework */; };
		4CAD3F9417BD4704008C6D28 /* Foundation.framework in Frameworks */ = {isa = PBXBuildFile; fileRef = 4CAD3F6C17BD4703008C6D28 /* Foundation.framework */; };
		4CAD3F9C17BD4704008C6D28 /* InfoPlist.strings in Resources */ = {isa = PBXBuildFile; fileRef = 4CAD3F9A17BD4704008C6D28 /* InfoPlist.strings */; };
		4CAD3F9F17BD4704008C6D28 /* GoogleMediaFrameworkDemoTests.m in Sources */ = {isa = PBXBuildFile; fileRef = 4CAD3F9E17BD4704008C6D28 /* GoogleMediaFrameworkDemoTests.m */; };
		4CCC637817E7CC0E00D8F767 /* SystemConfiguration.framework in Frameworks */ = {isa = PBXBuildFile; fileRef = A8A054B917E270A50035D08D /* SystemConfiguration.framework */; };
		4CD7815217EC9E9B00930F92 /* VideoListViewController.m in Sources */ = {isa = PBXBuildFile; fileRef = 4CD7815117EC9E9B00930F92 /* VideoListViewController.m */; };
		4CF77DEA18567DAD00F98F76 /* VideoData.m in Sources */ = {isa = PBXBuildFile; fileRef = 4CF77DE918567DAD00F98F76 /* VideoData.m */; };
		73BCC5BB199BE2E200B65504 /* Gmf-Icon.png in Resources */ = {isa = PBXBuildFile; fileRef = 73BCC5B9199BE2E200B65504 /* Gmf-Icon.png */; };
		8758392E1989716200DDD0D2 /* Delete-Icon.png in Resources */ = {isa = PBXBuildFile; fileRef = 8758392B1989716200DDD0D2 /* Delete-Icon.png */; };
		8758392F1989716200DDD0D2 /* Favorite-Icon.png in Resources */ = {isa = PBXBuildFile; fileRef = 8758392C1989716200DDD0D2 /* Favorite-Icon.png */; };
		875839301989716200DDD0D2 /* Share-Icon.png in Resources */ = {isa = PBXBuildFile; fileRef = 8758392D1989716200DDD0D2 /* Share-Icon.png */; };
		A8A054BA17E270A50035D08D /* AdSupport.framework in Frameworks */ = {isa = PBXBuildFile; fileRef = A8A054B517E270A50035D08D /* AdSupport.framework */; };
		A8A054BB17E270A50035D08D /* CoreFoundation.framework in Frameworks */ = {isa = PBXBuildFile; fileRef = A8A054B617E270A50035D08D /* CoreFoundation.framework */; };
		A8A054BC17E270A50035D08D /* MessageUI.framework in Frameworks */ = {isa = PBXBuildFile; fileRef = A8A054B717E270A50035D08D /* MessageUI.framework */; };
		A8A054BD17E270A50035D08D /* QuartzCore.framework in Frameworks */ = {isa = PBXBuildFile; fileRef = A8A054B817E270A50035D08D /* QuartzCore.framework */; };
		C1E0520A22C74461D02DEF62 /* libPods.a in Frameworks */ = {isa = PBXBuildFile; fileRef = D64E0D2ECC1547E581F50A56 /* libPods.a */; };
		E8E83A6A2D044DFF96AF06E1 /* libPods.a in Frameworks */ = {isa = PBXBuildFile; fileRef = D64E0D2ECC1547E581F50A56 /* libPods.a */; };
/* End PBXBuildFile section */

/* Begin PBXContainerItemProxy section */
		4CAD3F9517BD4704008C6D28 /* PBXContainerItemProxy */ = {
			isa = PBXContainerItemProxy;
			containerPortal = 4CAD3F5F17BD4703008C6D28 /* Project object */;
			proxyType = 1;
			remoteGlobalIDString = 4CAD3F6617BD4703008C6D28;
			remoteInfo = GoogleMediaFrameworkDemo;
		};
/* End PBXContainerItemProxy section */

/* Begin PBXCopyFilesBuildPhase section */
		4CAD3FEB17C2B99A008C6D28 /* CopyFiles */ = {
			isa = PBXCopyFilesBuildPhase;
			buildActionMask = 2147483647;
			dstPath = "";
			dstSubfolderSpec = 10;
			files = (
			);
			runOnlyForDeploymentPostprocessing = 0;
		};
/* End PBXCopyFilesBuildPhase section */

/* Begin PBXFileReference section */
		4C5BB60F17D13D86003D9E20 /* AVFoundation.framework */ = {isa = PBXFileReference; lastKnownFileType = wrapper.framework; name = AVFoundation.framework; path = System/Library/Frameworks/AVFoundation.framework; sourceTree = SDKROOT; };
		4C5BB61117D13DAC003D9E20 /* AudioToolbox.framework */ = {isa = PBXFileReference; lastKnownFileType = wrapper.framework; name = AudioToolbox.framework; path = System/Library/Frameworks/AudioToolbox.framework; sourceTree = SDKROOT; };
		4C5BB61317D13DC8003D9E20 /* CoreMedia.framework */ = {isa = PBXFileReference; lastKnownFileType = wrapper.framework; name = CoreMedia.framework; path = System/Library/Frameworks/CoreMedia.framework; sourceTree = SDKROOT; };
		4CAD3F6717BD4703008C6D28 /* GoogleMediaFrameworkDemo.app */ = {isa = PBXFileReference; explicitFileType = wrapper.application; includeInIndex = 0; path = GoogleMediaFrameworkDemo.app; sourceTree = BUILT_PRODUCTS_DIR; };
		4CAD3F6A17BD4703008C6D28 /* UIKit.framework */ = {isa = PBXFileReference; lastKnownFileType = wrapper.framework; name = UIKit.framework; path = System/Library/Frameworks/UIKit.framework; sourceTree = SDKROOT; };
		4CAD3F6C17BD4703008C6D28 /* Foundation.framework */ = {isa = PBXFileReference; lastKnownFileType = wrapper.framework; name = Foundation.framework; path = System/Library/Frameworks/Foundation.framework; sourceTree = SDKROOT; };
		4CAD3F6E17BD4703008C6D28 /* CoreGraphics.framework */ = {isa = PBXFileReference; lastKnownFileType = wrapper.framework; name = CoreGraphics.framework; path = System/Library/Frameworks/CoreGraphics.framework; sourceTree = SDKROOT; };
		4CAD3F7217BD4703008C6D28 /* GoogleMediaFrameworkDemo-Info.plist */ = {isa = PBXFileReference; lastKnownFileType = text.plist.xml; path = "GoogleMediaFrameworkDemo-Info.plist"; sourceTree = "<group>"; };
		4CAD3F7417BD4703008C6D28 /* en */ = {isa = PBXFileReference; lastKnownFileType = text.plist.strings; name = en; path = en.lproj/InfoPlist.strings; sourceTree = "<group>"; };
		4CAD3F7617BD4703008C6D28 /* main.m */ = {isa = PBXFileReference; lastKnownFileType = sourcecode.c.objc; lineEnding = 0; path = main.m; sourceTree = "<group>"; xcLanguageSpecificationIdentifier = xcode.lang.objc; };
		4CAD3F7817BD4703008C6D28 /* GoogleMediaFrameworkDemo-Prefix.pch */ = {isa = PBXFileReference; lastKnownFileType = sourcecode.c.h; path = "GoogleMediaFrameworkDemo-Prefix.pch"; sourceTree = "<group>"; };
		4CAD3F7917BD4703008C6D28 /* GMFAppDelegate.h */ = {isa = PBXFileReference; lastKnownFileType = sourcecode.c.h; lineEnding = 0; path = GMFAppDelegate.h; sourceTree = "<group>"; xcLanguageSpecificationIdentifier = xcode.lang.objcpp; };
		4CAD3F7A17BD4703008C6D28 /* GMFAppDelegate.m */ = {isa = PBXFileReference; lastKnownFileType = sourcecode.c.objc; lineEnding = 0; path = GMFAppDelegate.m; sourceTree = "<group>"; xcLanguageSpecificationIdentifier = xcode.lang.objc; };
		4CAD3F7C17BD4703008C6D28 /* Default.png */ = {isa = PBXFileReference; lastKnownFileType = image.png; path = Default.png; sourceTree = "<group>"; };
		4CAD3F7E17BD4703008C6D28 /* Default@2x.png */ = {isa = PBXFileReference; lastKnownFileType = image.png; path = "Default@2x.png"; sourceTree = "<group>"; };
		4CAD3F8017BD4703008C6D28 /* Default-568h@2x.png */ = {isa = PBXFileReference; lastKnownFileType = image.png; path = "Default-568h@2x.png"; sourceTree = "<group>"; };
		4CAD3F9017BD4703008C6D28 /* GoogleMediaFrameworkDemoTests.xctest */ = {isa = PBXFileReference; explicitFileType = wrapper.cfbundle; includeInIndex = 0; path = GoogleMediaFrameworkDemoTests.xctest; sourceTree = BUILT_PRODUCTS_DIR; };
		4CAD3F9917BD4704008C6D28 /* GoogleMediaFrameworkTests-Info.plist */ = {isa = PBXFileReference; lastKnownFileType = text.plist.xml; path = "GoogleMediaFrameworkTests-Info.plist"; sourceTree = "<group>"; };
		4CAD3F9B17BD4704008C6D28 /* en */ = {isa = PBXFileReference; lastKnownFileType = text.plist.strings; name = en; path = en.lproj/InfoPlist.strings; sourceTree = "<group>"; };
		4CAD3F9D17BD4704008C6D28 /* GoogleMediaFrameworkDemoTests.h */ = {isa = PBXFileReference; lastKnownFileType = sourcecode.c.h; path = GoogleMediaFrameworkDemoTests.h; sourceTree = "<group>"; };
		4CAD3F9E17BD4704008C6D28 /* GoogleMediaFrameworkDemoTests.m */ = {isa = PBXFileReference; lastKnownFileType = sourcecode.c.objc; lineEnding = 0; path = GoogleMediaFrameworkDemoTests.m; sourceTree = "<group>"; xcLanguageSpecificationIdentifier = xcode.lang.objc; };
		4CD7815017EC9E9B00930F92 /* VideoListViewController.h */ = {isa = PBXFileReference; fileEncoding = 4; lastKnownFileType = sourcecode.c.h; lineEnding = 0; path = VideoListViewController.h; sourceTree = "<group>"; xcLanguageSpecificationIdentifier = xcode.lang.objcpp; };
		4CD7815117EC9E9B00930F92 /* VideoListViewController.m */ = {isa = PBXFileReference; fileEncoding = 4; lastKnownFileType = sourcecode.c.objc; lineEnding = 0; path = VideoListViewController.m; sourceTree = "<group>"; xcLanguageSpecificationIdentifier = xcode.lang.objc; };
		4CF77DE818567DAD00F98F76 /* VideoData.h */ = {isa = PBXFileReference; fileEncoding = 4; lastKnownFileType = sourcecode.c.h; path = VideoData.h; sourceTree = "<group>"; };
		4CF77DE918567DAD00F98F76 /* VideoData.m */ = {isa = PBXFileReference; fileEncoding = 4; lastKnownFileType = sourcecode.c.objc; path = VideoData.m; sourceTree = "<group>"; };
		7344A49C086478D343BFE475 /* Pods.debug.xcconfig */ = {isa = PBXFileReference; includeInIndex = 1; lastKnownFileType = text.xcconfig; name = Pods.debug.xcconfig; path = "Pods/Target Support Files/Pods/Pods.debug.xcconfig"; sourceTree = "<group>"; };
		73BCC5B9199BE2E200B65504 /* Gmf-Icon.png */ = {isa = PBXFileReference; lastKnownFileType = image.png; path = "Gmf-Icon.png"; sourceTree = "<group>"; };
		8758392B1989716200DDD0D2 /* Delete-Icon.png */ = {isa = PBXFileReference; lastKnownFileType = image.png; path = "Delete-Icon.png"; sourceTree = "<group>"; };
		8758392C1989716200DDD0D2 /* Favorite-Icon.png */ = {isa = PBXFileReference; lastKnownFileType = image.png; path = "Favorite-Icon.png"; sourceTree = "<group>"; };
		8758392D1989716200DDD0D2 /* Share-Icon.png */ = {isa = PBXFileReference; lastKnownFileType = image.png; path = "Share-Icon.png"; sourceTree = "<group>"; };
		A8A054B517E270A50035D08D /* AdSupport.framework */ = {isa = PBXFileReference; lastKnownFileType = wrapper.framework; name = AdSupport.framework; path = System/Library/Frameworks/AdSupport.framework; sourceTree = SDKROOT; };
		A8A054B617E270A50035D08D /* CoreFoundation.framework */ = {isa = PBXFileReference; lastKnownFileType = wrapper.framework; name = CoreFoundation.framework; path = System/Library/Frameworks/CoreFoundation.framework; sourceTree = SDKROOT; };
		A8A054B717E270A50035D08D /* MessageUI.framework */ = {isa = PBXFileReference; lastKnownFileType = wrapper.framework; name = MessageUI.framework; path = System/Library/Frameworks/MessageUI.framework; sourceTree = SDKROOT; };
		A8A054B817E270A50035D08D /* QuartzCore.framework */ = {isa = PBXFileReference; lastKnownFileType = wrapper.framework; name = QuartzCore.framework; path = System/Library/Frameworks/QuartzCore.framework; sourceTree = SDKROOT; };
		A8A054B917E270A50035D08D /* SystemConfiguration.framework */ = {isa = PBXFileReference; lastKnownFileType = wrapper.framework; name = SystemConfiguration.framework; path = System/Library/Frameworks/SystemConfiguration.framework; sourceTree = SDKROOT; };
		D64E0D2ECC1547E581F50A56 /* libPods.a */ = {isa = PBXFileReference; explicitFileType = archive.ar; includeInIndex = 0; path = libPods.a; sourceTree = BUILT_PRODUCTS_DIR; };
		D6ECCA408889EA03EBBB5A91 /* Pods.release.xcconfig */ = {isa = PBXFileReference; includeInIndex = 1; lastKnownFileType = text.xcconfig; name = Pods.release.xcconfig; path = "Pods/Target Support Files/Pods/Pods.release.xcconfig"; sourceTree = "<group>"; };
/* End PBXFileReference section */

/* Begin PBXFrameworksBuildPhase section */
		4CAD3F6417BD4703008C6D28 /* Frameworks */ = {
			isa = PBXFrameworksBuildPhase;
			buildActionMask = 2147483647;
			files = (
				4CCC637817E7CC0E00D8F767 /* SystemConfiguration.framework in Frameworks */,
				A8A054BA17E270A50035D08D /* AdSupport.framework in Frameworks */,
				A8A054BB17E270A50035D08D /* CoreFoundation.framework in Frameworks */,
				A8A054BC17E270A50035D08D /* MessageUI.framework in Frameworks */,
				A8A054BD17E270A50035D08D /* QuartzCore.framework in Frameworks */,
				4C5BB61017D13D86003D9E20 /* AVFoundation.framework in Frameworks */,
				4C5BB61417D13DC8003D9E20 /* CoreMedia.framework in Frameworks */,
				4C5BB61217D13DAC003D9E20 /* AudioToolbox.framework in Frameworks */,
				4CAD3F6B17BD4703008C6D28 /* UIKit.framework in Frameworks */,
				4CAD3F6D17BD4703008C6D28 /* Foundation.framework in Frameworks */,
				4CAD3F6F17BD4703008C6D28 /* CoreGraphics.framework in Frameworks */,
				E8E83A6A2D044DFF96AF06E1 /* libPods.a in Frameworks */,
			);
			runOnlyForDeploymentPostprocessing = 0;
		};
		4CAD3F8C17BD4703008C6D28 /* Frameworks */ = {
			isa = PBXFrameworksBuildPhase;
			buildActionMask = 2147483647;
			files = (
				4CAD3F9317BD4704008C6D28 /* UIKit.framework in Frameworks */,
				4CAD3F9417BD4704008C6D28 /* Foundation.framework in Frameworks */,
				C1E0520A22C74461D02DEF62 /* libPods.a in Frameworks */,
			);
			runOnlyForDeploymentPostprocessing = 0;
		};
/* End PBXFrameworksBuildPhase section */

/* Begin PBXGroup section */
		033BF432EF1BA7820BDDC544 /* Pods */ = {
			isa = PBXGroup;
			children = (
				7344A49C086478D343BFE475 /* Pods.debug.xcconfig */,
				D6ECCA408889EA03EBBB5A91 /* Pods.release.xcconfig */,
			);
			name = Pods;
			sourceTree = "<group>";
		};
		4CAD3F5E17BD4703008C6D28 = {
			isa = PBXGroup;
			children = (
				4CAD3F7017BD4703008C6D28 /* GoogleMediaFrameworkDemo */,
				4CAD3F9717BD4704008C6D28 /* GoogleMediaFrameworkDemoTests */,
				4CAD3F6917BD4703008C6D28 /* Frameworks */,
				4CAD3F6817BD4703008C6D28 /* Products */,
				033BF432EF1BA7820BDDC544 /* Pods */,
			);
			sourceTree = "<group>";
		};
		4CAD3F6817BD4703008C6D28 /* Products */ = {
			isa = PBXGroup;
			children = (
				4CAD3F6717BD4703008C6D28 /* GoogleMediaFrameworkDemo.app */,
				4CAD3F9017BD4703008C6D28 /* GoogleMediaFrameworkDemoTests.xctest */,
			);
			name = Products;
			sourceTree = "<group>";
		};
		4CAD3F6917BD4703008C6D28 /* Frameworks */ = {
			isa = PBXGroup;
			children = (
				A8A054B517E270A50035D08D /* AdSupport.framework */,
				A8A054B617E270A50035D08D /* CoreFoundation.framework */,
				A8A054B717E270A50035D08D /* MessageUI.framework */,
				A8A054B817E270A50035D08D /* QuartzCore.framework */,
				A8A054B917E270A50035D08D /* SystemConfiguration.framework */,
				4C5BB61317D13DC8003D9E20 /* CoreMedia.framework */,
				4C5BB61117D13DAC003D9E20 /* AudioToolbox.framework */,
				4C5BB60F17D13D86003D9E20 /* AVFoundation.framework */,
				4CAD3F6A17BD4703008C6D28 /* UIKit.framework */,
				4CAD3F6C17BD4703008C6D28 /* Foundation.framework */,
				4CAD3F6E17BD4703008C6D28 /* CoreGraphics.framework */,
				D64E0D2ECC1547E581F50A56 /* libPods.a */,
			);
			name = Frameworks;
			sourceTree = "<group>";
		};
		4CAD3F7017BD4703008C6D28 /* GoogleMediaFrameworkDemo */ = {
			isa = PBXGroup;
			children = (
				4CAD3F7117BD4703008C6D28 /* Supporting Files */,
				4CAD3F7917BD4703008C6D28 /* GMFAppDelegate.h */,
				4CAD3F7A17BD4703008C6D28 /* GMFAppDelegate.m */,
				4CF77DE818567DAD00F98F76 /* VideoData.h */,
				4CF77DE918567DAD00F98F76 /* VideoData.m */,
				4CD7815017EC9E9B00930F92 /* VideoListViewController.h */,
				4CD7815117EC9E9B00930F92 /* VideoListViewController.m */,
			);
			path = GoogleMediaFrameworkDemo;
			sourceTree = "<group>";
		};
		4CAD3F7117BD4703008C6D28 /* Supporting Files */ = {
			isa = PBXGroup;
			children = (
				73BCC5B9199BE2E200B65504 /* Gmf-Icon.png */,
				8758392B1989716200DDD0D2 /* Delete-Icon.png */,
				8758392C1989716200DDD0D2 /* Favorite-Icon.png */,
				8758392D1989716200DDD0D2 /* Share-Icon.png */,
				4CAD3F8017BD4703008C6D28 /* Default-568h@2x.png */,
				4CAD3F7C17BD4703008C6D28 /* Default.png */,
				4CAD3F7E17BD4703008C6D28 /* Default@2x.png */,
				4CAD3F7217BD4703008C6D28 /* GoogleMediaFrameworkDemo-Info.plist */,
				4CAD3F7817BD4703008C6D28 /* GoogleMediaFrameworkDemo-Prefix.pch */,
				4CAD3F7317BD4703008C6D28 /* InfoPlist.strings */,
				4CAD3F7617BD4703008C6D28 /* main.m */,
			);
			name = "Supporting Files";
			sourceTree = "<group>";
		};
		4CAD3F9717BD4704008C6D28 /* GoogleMediaFrameworkDemoTests */ = {
			isa = PBXGroup;
			children = (
				4CAD3F9D17BD4704008C6D28 /* GoogleMediaFrameworkDemoTests.h */,
				4CAD3F9E17BD4704008C6D28 /* GoogleMediaFrameworkDemoTests.m */,
				4CAD3F9817BD4704008C6D28 /* Supporting Files */,
			);
			name = GoogleMediaFrameworkDemoTests;
			path = GoogleMediaFrameworkTests;
			sourceTree = "<group>";
		};
		4CAD3F9817BD4704008C6D28 /* Supporting Files */ = {
			isa = PBXGroup;
			children = (
				4CAD3F9917BD4704008C6D28 /* GoogleMediaFrameworkTests-Info.plist */,
				4CAD3F9A17BD4704008C6D28 /* InfoPlist.strings */,
			);
			name = "Supporting Files";
			sourceTree = "<group>";
		};
/* End PBXGroup section */

/* Begin PBXNativeTarget section */
		4CAD3F6617BD4703008C6D28 /* GoogleMediaFrameworkDemo */ = {
			isa = PBXNativeTarget;
			buildConfigurationList = 4CAD3FA217BD4704008C6D28 /* Build configuration list for PBXNativeTarget "GoogleMediaFrameworkDemo" */;
			buildPhases = (
				B43CA9D051C344D89EAEDD1C /* Check Pods Manifest.lock */,
				4CAD3F6317BD4703008C6D28 /* Sources */,
				4CAD3F6417BD4703008C6D28 /* Frameworks */,
				4CAD3F6517BD4703008C6D28 /* Resources */,
				4CAD3FEB17C2B99A008C6D28 /* CopyFiles */,
				771FE8B597914A5BB20F7EA9 /* Copy Pods Resources */,
				A47DA6648390546C207B9DD2 /* Embed Pods Frameworks */,
			);
			buildRules = (
			);
			dependencies = (
			);
			name = GoogleMediaFrameworkDemo;
			productName = GoogleMediaFrameworkDemo;
			productReference = 4CAD3F6717BD4703008C6D28 /* GoogleMediaFrameworkDemo.app */;
			productType = "com.apple.product-type.application";
		};
		4CAD3F8F17BD4703008C6D28 /* GoogleMediaFrameworkDemoTests */ = {
			isa = PBXNativeTarget;
			buildConfigurationList = 4CAD3FA517BD4704008C6D28 /* Build configuration list for PBXNativeTarget "GoogleMediaFrameworkDemoTests" */;
			buildPhases = (
				54F1D64544B905FFAC4BA68C /* Check Pods Manifest.lock */,
				4CAD3F8B17BD4703008C6D28 /* Sources */,
				4CAD3F8C17BD4703008C6D28 /* Frameworks */,
				4CAD3F8D17BD4703008C6D28 /* Resources */,
				4CAD3F8E17BD4703008C6D28 /* Run Script */,
				14D8903475E92628C1CE57EC /* Copy Pods Resources */,
			);
			buildRules = (
			);
			dependencies = (
				4CAD3F9617BD4704008C6D28 /* PBXTargetDependency */,
			);
			name = GoogleMediaFrameworkDemoTests;
			productName = GoogleMediaFrameworkDemoTests;
			productReference = 4CAD3F9017BD4703008C6D28 /* GoogleMediaFrameworkDemoTests.xctest */;
			productType = "com.apple.product-type.bundle.unit-test";
		};
/* End PBXNativeTarget section */

/* Begin PBXProject section */
		4CAD3F5F17BD4703008C6D28 /* Project object */ = {
			isa = PBXProject;
			attributes = {
				CLASSPREFIX = GMF;
				LastTestingUpgradeCheck = 0600;
				LastUpgradeCheck = 0600;
				ORGANIZATIONNAME = Google;
			};
			buildConfigurationList = 4CAD3F6217BD4703008C6D28 /* Build configuration list for PBXProject "GoogleMediaFrameworkDemo" */;
			compatibilityVersion = "Xcode 3.2";
			developmentRegion = English;
			hasScannedForEncodings = 0;
			knownRegions = (
				en,
			);
			mainGroup = 4CAD3F5E17BD4703008C6D28;
			productRefGroup = 4CAD3F6817BD4703008C6D28 /* Products */;
			projectDirPath = "";
			projectRoot = "";
			targets = (
				4CAD3F6617BD4703008C6D28 /* GoogleMediaFrameworkDemo */,
				4CAD3F8F17BD4703008C6D28 /* GoogleMediaFrameworkDemoTests */,
			);
		};
/* End PBXProject section */

/* Begin PBXResourcesBuildPhase section */
		4CAD3F6517BD4703008C6D28 /* Resources */ = {
			isa = PBXResourcesBuildPhase;
			buildActionMask = 2147483647;
			files = (
				4CAD3F7517BD4703008C6D28 /* InfoPlist.strings in Resources */,
				4CAD3F7D17BD4703008C6D28 /* Default.png in Resources */,
				8758392F1989716200DDD0D2 /* Favorite-Icon.png in Resources */,
				8758392E1989716200DDD0D2 /* Delete-Icon.png in Resources */,
				875839301989716200DDD0D2 /* Share-Icon.png in Resources */,
				4CAD3F7F17BD4703008C6D28 /* Default@2x.png in Resources */,
				4CAD3F8117BD4703008C6D28 /* Default-568h@2x.png in Resources */,
				73BCC5BB199BE2E200B65504 /* Gmf-Icon.png in Resources */,
			);
			runOnlyForDeploymentPostprocessing = 0;
		};
		4CAD3F8D17BD4703008C6D28 /* Resources */ = {
			isa = PBXResourcesBuildPhase;
			buildActionMask = 2147483647;
			files = (
				4CAD3F9C17BD4704008C6D28 /* InfoPlist.strings in Resources */,
			);
			runOnlyForDeploymentPostprocessing = 0;
		};
/* End PBXResourcesBuildPhase section */

/* Begin PBXShellScriptBuildPhase section */
		14D8903475E92628C1CE57EC /* Copy Pods Resources */ = {
			isa = PBXShellScriptBuildPhase;
			buildActionMask = 2147483647;
			files = (
			);
			inputPaths = (
			);
			name = "Copy Pods Resources";
			outputPaths = (
			);
			runOnlyForDeploymentPostprocessing = 0;
			shellPath = /bin/sh;
			shellScript = "\"${SRCROOT}/Pods/Target Support Files/Pods/Pods-resources.sh\"\n";
			showEnvVarsInLog = 0;
		};
		4CAD3F8E17BD4703008C6D28 /* Run Script */ = {
			isa = PBXShellScriptBuildPhase;
			buildActionMask = 2147483647;
			files = (
			);
			inputPaths = (
			);
			name = "Run Script";
			outputPaths = (
			);
			runOnlyForDeploymentPostprocessing = 0;
			shellPath = /bin/sh;
			shellScript = "# Run the unit tests in this test bundle.\n\"${SYSTEM_DEVELOPER_DIR}/Tools/RunUnitTests\"\n";
		};
		54F1D64544B905FFAC4BA68C /* Check Pods Manifest.lock */ = {
			isa = PBXShellScriptBuildPhase;
			buildActionMask = 2147483647;
			files = (
			);
			inputPaths = (
			);
			name = "Check Pods Manifest.lock";
			outputPaths = (
			);
			runOnlyForDeploymentPostprocessing = 0;
			shellPath = /bin/sh;
			shellScript = "diff \"${PODS_ROOT}/../Podfile.lock\" \"${PODS_ROOT}/Manifest.lock\" > /dev/null\nif [[ $? != 0 ]] ; then\n    cat << EOM\nerror: The sandbox is not in sync with the Podfile.lock. Run 'pod install' or update your CocoaPods installation.\nEOM\n    exit 1\nfi\n";
			showEnvVarsInLog = 0;
		};
		771FE8B597914A5BB20F7EA9 /* Copy Pods Resources */ = {
			isa = PBXShellScriptBuildPhase;
			buildActionMask = 2147483647;
			files = (
			);
			inputPaths = (
			);
			name = "Copy Pods Resources";
			outputPaths = (
			);
			runOnlyForDeploymentPostprocessing = 0;
			shellPath = /bin/sh;
			shellScript = "\"${SRCROOT}/Pods/Target Support Files/Pods/Pods-resources.sh\"\n";
			showEnvVarsInLog = 0;
		};
		A47DA6648390546C207B9DD2 /* Embed Pods Frameworks */ = {
			isa = PBXShellScriptBuildPhase;
			buildActionMask = 2147483647;
			files = (
			);
			inputPaths = (
			);
			name = "Embed Pods Frameworks";
			outputPaths = (
			);
			runOnlyForDeploymentPostprocessing = 0;
			shellPath = /bin/sh;
			shellScript = "\"${SRCROOT}/Pods/Target Support Files/Pods/Pods-frameworks.sh\"\n";
			showEnvVarsInLog = 0;
		};
		B43CA9D051C344D89EAEDD1C /* Check Pods Manifest.lock */ = {
			isa = PBXShellScriptBuildPhase;
			buildActionMask = 2147483647;
			files = (
			);
			inputPaths = (
			);
			name = "Check Pods Manifest.lock";
			outputPaths = (
			);
			runOnlyForDeploymentPostprocessing = 0;
			shellPath = /bin/sh;
			shellScript = "diff \"${PODS_ROOT}/../Podfile.lock\" \"${PODS_ROOT}/Manifest.lock\" > /dev/null\nif [[ $? != 0 ]] ; then\n    cat << EOM\nerror: The sandbox is not in sync with the Podfile.lock. Run 'pod install' or update your CocoaPods installation.\nEOM\n    exit 1\nfi\n";
			showEnvVarsInLog = 0;
		};
/* End PBXShellScriptBuildPhase section */

/* Begin PBXSourcesBuildPhase section */
		4CAD3F6317BD4703008C6D28 /* Sources */ = {
			isa = PBXSourcesBuildPhase;
			buildActionMask = 2147483647;
			files = (
				4CAD3F7717BD4703008C6D28 /* main.m in Sources */,
				4CAD3F7B17BD4703008C6D28 /* GMFAppDelegate.m in Sources */,
				4CF77DEA18567DAD00F98F76 /* VideoData.m in Sources */,
				4CD7815217EC9E9B00930F92 /* VideoListViewController.m in Sources */,
			);
			runOnlyForDeploymentPostprocessing = 0;
		};
		4CAD3F8B17BD4703008C6D28 /* Sources */ = {
			isa = PBXSourcesBuildPhase;
			buildActionMask = 2147483647;
			files = (
				4CAD3F9F17BD4704008C6D28 /* GoogleMediaFrameworkDemoTests.m in Sources */,
			);
			runOnlyForDeploymentPostprocessing = 0;
		};
/* End PBXSourcesBuildPhase section */

/* Begin PBXTargetDependency section */
		4CAD3F9617BD4704008C6D28 /* PBXTargetDependency */ = {
			isa = PBXTargetDependency;
			target = 4CAD3F6617BD4703008C6D28 /* GoogleMediaFrameworkDemo */;
			targetProxy = 4CAD3F9517BD4704008C6D28 /* PBXContainerItemProxy */;
		};
/* End PBXTargetDependency section */

/* Begin PBXVariantGroup section */
		4CAD3F7317BD4703008C6D28 /* InfoPlist.strings */ = {
			isa = PBXVariantGroup;
			children = (
				4CAD3F7417BD4703008C6D28 /* en */,
			);
			name = InfoPlist.strings;
			sourceTree = "<group>";
		};
		4CAD3F9A17BD4704008C6D28 /* InfoPlist.strings */ = {
			isa = PBXVariantGroup;
			children = (
				4CAD3F9B17BD4704008C6D28 /* en */,
			);
			name = InfoPlist.strings;
			sourceTree = "<group>";
		};
/* End PBXVariantGroup section */

/* Begin XCBuildConfiguration section */
		4CAD3FA017BD4704008C6D28 /* Debug */ = {
			isa = XCBuildConfiguration;
			buildSettings = {
				ALWAYS_SEARCH_USER_PATHS = NO;
				CLANG_CXX_LANGUAGE_STANDARD = "gnu++0x";
				CLANG_CXX_LIBRARY = "libc++";
				CLANG_ENABLE_OBJC_ARC = YES;
				CLANG_WARN_CONSTANT_CONVERSION = YES;
				CLANG_WARN_EMPTY_BODY = YES;
				CLANG_WARN_ENUM_CONVERSION = YES;
				CLANG_WARN_INT_CONVERSION = YES;
				CLANG_WARN__DUPLICATE_METHOD_MATCH = YES;
				"CODE_SIGN_IDENTITY[sdk=iphoneos*]" = "iPhone Developer";
				COPY_PHASE_STRIP = NO;
				GCC_C_LANGUAGE_STANDARD = gnu99;
				GCC_DYNAMIC_NO_PIC = NO;
				GCC_OPTIMIZATION_LEVEL = 0;
				GCC_PREFIX_HEADER = "";
				GCC_PREPROCESSOR_DEFINITIONS = (
					"DEBUG=1",
					"$(inherited)",
				);
				GCC_SYMBOLS_PRIVATE_EXTERN = NO;
				GCC_WARN_ABOUT_RETURN_TYPE = YES;
				GCC_WARN_UNINITIALIZED_AUTOS = YES;
				GCC_WARN_UNUSED_VARIABLE = YES;
				IPHONEOS_DEPLOYMENT_TARGET = 6.1;
				ONLY_ACTIVE_ARCH = YES;
				OTHER_LDFLAGS = "$(inherited)";
				SDKROOT = iphoneos;
				TARGETED_DEVICE_FAMILY = "1,2";
			};
			name = Debug;
		};
		4CAD3FA117BD4704008C6D28 /* Release */ = {
			isa = XCBuildConfiguration;
			buildSettings = {
				ALWAYS_SEARCH_USER_PATHS = NO;
				CLANG_CXX_LANGUAGE_STANDARD = "gnu++0x";
				CLANG_CXX_LIBRARY = "libc++";
				CLANG_ENABLE_OBJC_ARC = YES;
				CLANG_WARN_CONSTANT_CONVERSION = YES;
				CLANG_WARN_EMPTY_BODY = YES;
				CLANG_WARN_ENUM_CONVERSION = YES;
				CLANG_WARN_INT_CONVERSION = YES;
				CLANG_WARN__DUPLICATE_METHOD_MATCH = YES;
				"CODE_SIGN_IDENTITY[sdk=iphoneos*]" = "iPhone Developer";
				COPY_PHASE_STRIP = YES;
				GCC_C_LANGUAGE_STANDARD = gnu99;
				GCC_PREFIX_HEADER = "";
				GCC_WARN_ABOUT_RETURN_TYPE = YES;
				GCC_WARN_UNINITIALIZED_AUTOS = YES;
				GCC_WARN_UNUSED_VARIABLE = YES;
				IPHONEOS_DEPLOYMENT_TARGET = 6.1;
				ONLY_ACTIVE_ARCH = NO;
				OTHER_CFLAGS = "-DNS_BLOCK_ASSERTIONS=1";
				OTHER_LDFLAGS = "$(inherited)";
				SDKROOT = iphoneos;
				TARGETED_DEVICE_FAMILY = "1,2";
				VALIDATE_PRODUCT = YES;
			};
			name = Release;
		};
		4CAD3FA317BD4704008C6D28 /* Debug */ = {
			isa = XCBuildConfiguration;
			baseConfigurationReference = 7344A49C086478D343BFE475 /* Pods.debug.xcconfig */;
			buildSettings = {
				CODE_SIGN_IDENTITY = "iPhone Developer";
				"CODE_SIGN_IDENTITY[sdk=iphoneos*]" = "iPhone Developer";
				FRAMEWORK_SEARCH_PATHS = "$(inherited)";
				GCC_PRECOMPILE_PREFIX_HEADER = YES;
				GCC_PREFIX_HEADER = "GoogleMediaFrameworkDemo/GoogleMediaFrameworkDemo-Prefix.pch";
				INFOPLIST_FILE = "GoogleMediaFrameworkDemo/GoogleMediaFrameworkDemo-Info.plist";
				LIBRARY_SEARCH_PATHS = "$(inherited)";
				ONLY_ACTIVE_ARCH = YES;
				OTHER_LDFLAGS = "$(inherited)";
				PRODUCT_NAME = "$(TARGET_NAME)";
				PROVISIONING_PROFILE = "B218B3A1-E07D-44F2-AA69-6739FC0F6D19";
				WRAPPER_EXTENSION = app;
			};
			name = Debug;
		};
		4CAD3FA417BD4704008C6D28 /* Release */ = {
			isa = XCBuildConfiguration;
			baseConfigurationReference = D6ECCA408889EA03EBBB5A91 /* Pods.release.xcconfig */;
			buildSettings = {
				CODE_SIGN_IDENTITY = "iPhone Developer";
				"CODE_SIGN_IDENTITY[sdk=iphoneos*]" = "iPhone Developer";
				FRAMEWORK_SEARCH_PATHS = "$(inherited)";
				GCC_PRECOMPILE_PREFIX_HEADER = YES;
				GCC_PREFIX_HEADER = "GoogleMediaFrameworkDemo/GoogleMediaFrameworkDemo-Prefix.pch";
				INFOPLIST_FILE = "GoogleMediaFrameworkDemo/GoogleMediaFrameworkDemo-Info.plist";
				LIBRARY_SEARCH_PATHS = "$(inherited)";
				ONLY_ACTIVE_ARCH = NO;
				OTHER_LDFLAGS = "$(inherited)";
				PRODUCT_NAME = "$(TARGET_NAME)";
				PROVISIONING_PROFILE = "B218B3A1-E07D-44F2-AA69-6739FC0F6D19";
				WRAPPER_EXTENSION = app;
			};
			name = Release;
		};
		4CAD3FA617BD4704008C6D28 /* Debug */ = {
			isa = XCBuildConfiguration;
			baseConfigurationReference = 7344A49C086478D343BFE475 /* Pods.debug.xcconfig */;
			buildSettings = {
				ALWAYS_SEARCH_USER_PATHS = NO;
				BUNDLE_LOADER = "$(BUILT_PRODUCTS_DIR)/GoogleMediaFrameworkDemo.app/GoogleMediaFrameworkDemo";
				FRAMEWORK_SEARCH_PATHS = (
					"\"$(SDKROOT)/Developer/Library/Frameworks\"",
					"\"$(DEVELOPER_LIBRARY_DIR)/Frameworks\"",
					"$(inherited)",
				);
				GCC_PRECOMPILE_PREFIX_HEADER = YES;
				GCC_PREFIX_HEADER = "GoogleMediaFrameworkDemo/GoogleMediaFrameworkDemo-Prefix.pch";
				INFOPLIST_FILE = "GoogleMediaFrameworkTests/GoogleMediaFrameworkTests-Info.plist";
				ONLY_ACTIVE_ARCH = YES;
				OTHER_LDFLAGS = "$(inherited)";
				PRODUCT_NAME = "$(TARGET_NAME)";
				TEST_HOST = "$(BUNDLE_LOADER)";
			};
			name = Debug;
		};
		4CAD3FA717BD4704008C6D28 /* Release */ = {
			isa = XCBuildConfiguration;
			baseConfigurationReference = D6ECCA408889EA03EBBB5A91 /* Pods.release.xcconfig */;
			buildSettings = {
				ALWAYS_SEARCH_USER_PATHS = NO;
				BUNDLE_LOADER = "$(BUILT_PRODUCTS_DIR)/GoogleMediaFrameworkDemo.app/GoogleMediaFrameworkDemo";
				FRAMEWORK_SEARCH_PATHS = (
					"\"$(SDKROOT)/Developer/Library/Frameworks\"",
					"\"$(DEVELOPER_LIBRARY_DIR)/Frameworks\"",
					"$(inherited)",
				);
				GCC_PRECOMPILE_PREFIX_HEADER = YES;
				GCC_PREFIX_HEADER = "GoogleMediaFrameworkDemo/GoogleMediaFrameworkDemo-Prefix.pch";
				INFOPLIST_FILE = "GoogleMediaFrameworkTests/GoogleMediaFrameworkTests-Info.plist";
				OTHER_LDFLAGS = "$(inherited)";
				PRODUCT_NAME = "$(TARGET_NAME)";
				TEST_HOST = "$(BUNDLE_LOADER)";
			};
			name = Release;
		};
/* End XCBuildConfiguration section */

/* Begin XCConfigurationList section */
		4CAD3F6217BD4703008C6D28 /* Build configuration list for PBXProject "GoogleMediaFrameworkDemo" */ = {
			isa = XCConfigurationList;
			buildConfigurations = (
				4CAD3FA017BD4704008C6D28 /* Debug */,
				4CAD3FA117BD4704008C6D28 /* Release */,
			);
			defaultConfigurationIsVisible = 0;
			defaultConfigurationName = Release;
		};
		4CAD3FA217BD4704008C6D28 /* Build configuration list for PBXNativeTarget "GoogleMediaFrameworkDemo" */ = {
			isa = XCConfigurationList;
			buildConfigurations = (
				4CAD3FA317BD4704008C6D28 /* Debug */,
				4CAD3FA417BD4704008C6D28 /* Release */,
			);
			defaultConfigurationIsVisible = 0;
			defaultConfigurationName = Release;
		};
		4CAD3FA517BD4704008C6D28 /* Build configuration list for PBXNativeTarget "GoogleMediaFrameworkDemoTests" */ = {
			isa = XCConfigurationList;
			buildConfigurations = (
				4CAD3FA617BD4704008C6D28 /* Debug */,
				4CAD3FA717BD4704008C6D28 /* Release */,
			);
			defaultConfigurationIsVisible = 0;
			defaultConfigurationName = Release;
		};
/* End XCConfigurationList section */
	};
	rootObject = 4CAD3F5F17BD4703008C6D28 /* Project object */;
}
